
Microsoft Visual Studio Solution File, Format Version 12.00
# Visual Studio Version 17
VisualStudioVersion = 17.13.35828.75 d17.13
MinimumVisualStudioVersion = 10.0.40219.1
Project("{FAE04EC0-301F-11D3-BF4B-00C04F79EFBC}") = "IceTask3", "IceTask3\IceTask3.csproj", "{440997FD-24DA-4433-B7F1-1C4908F0D3B2}"
EndProject
Global
	GlobalSection(SolutionConfigurationPlatforms) = preSolution
		Debug|Any CPU = Debug|Any CPU
		Release|Any CPU = Release|Any CPU
	EndGlobalSection
	GlobalSection(ProjectConfigurationPlatforms) = postSolution
		{440997FD-24DA-4433-B7F1-1C4908F0D3B2}.Debug|Any CPU.ActiveCfg = Debug|Any CPU
		{440997FD-24DA-4433-B7F1-1C4908F0D3B2}.Debug|Any CPU.Build.0 = Debug|Any CPU
		{440997FD-24DA-4433-B7F1-1C4908F0D3B2}.Release|Any CPU.ActiveCfg = Release|Any CPU
		{440997FD-24DA-4433-B7F1-1C4908F0D3B2}.Release|Any CPU.Build.0 = Release|Any CPU
	EndGlobalSection
	GlobalSection(SolutionProperties) = preSolution
		HideSolutionNode = FALSE
	EndGlobalSection
	GlobalSection(ExtensibilityGlobals) = postSolution
		SolutionGuid = {6F3AEECF-264F-4C58-BA6E-DB29249B14A0}
	EndGlobalSection
EndGlobal
